// !$*UTF8*$!
{
	archiveVersion = 1;
	classes = {
	};
	objectVersion = 50;
	objects = {

/* Begin PBXBuildFile section */
		452733BCDDBA60BAF7DF6A51 /* Pods_Bill_XUITests.framework in Frameworks */ = {isa = PBXBuildFile; fileRef = 7C660DD0FD3A6BE55AC0F867 /* Pods_Bill_XUITests.framework */; };
		506610C92B5BEE4EB9B23BBE /* Pods_Bill_X.framework in Frameworks */ = {isa = PBXBuildFile; fileRef = 10BAFC5A798CBD9375DA6D9B /* Pods_Bill_X.framework */; };
		D7963ED12198416900B44397 /* EventKit.framework in Frameworks */ = {isa = PBXBuildFile; fileRef = D7963ED02198416900B44397 /* EventKit.framework */; };
		D7963ED32198418200B44397 /* BillEventWrap.swift in Sources */ = {isa = PBXBuildFile; fileRef = D7963ED22198418200B44397 /* BillEventWrap.swift */; };
		D7963ED5219846CD00B44397 /* BillEventKitSupport.swift in Sources */ = {isa = PBXBuildFile; fileRef = D7963ED4219846CD00B44397 /* BillEventKitSupport.swift */; };
		D7963ED821987E6400B44397 /* BillCalendarSupport.swift in Sources */ = {isa = PBXBuildFile; fileRef = D7963ED721987E6400B44397 /* BillCalendarSupport.swift */; };
		D7963EDC219C660900B44397 /* DayWasteContainerView.swift in Sources */ = {isa = PBXBuildFile; fileRef = D7963EDB219C660900B44397 /* DayWasteContainerView.swift */; };
		D7963EDE21A1493900B44397 /* BillViewController.swift in Sources */ = {isa = PBXBuildFile; fileRef = D7963EDD21A1493900B44397 /* BillViewController.swift */; };
		D7963EE021A1B0D800B44397 /* BillEditAnimator.swift in Sources */ = {isa = PBXBuildFile; fileRef = D7963EDF21A1B0D800B44397 /* BillEditAnimator.swift */; };
		D7963EE221A1BC9E00B44397 /* BillMonthAnimator.swift in Sources */ = {isa = PBXBuildFile; fileRef = D7963EE121A1BC9E00B44397 /* BillMonthAnimator.swift */; };
		D7963EE521A462EF00B44397 /* MonthMaskView.swift in Sources */ = {isa = PBXBuildFile; fileRef = D7963EE421A462EF00B44397 /* MonthMaskView.swift */; };
		D7963EE721A6F4A500B44397 /* StickIndicatorView.swift in Sources */ = {isa = PBXBuildFile; fileRef = D7963EE621A6F4A500B44397 /* StickIndicatorView.swift */; };
		D7963EE921AC403100B44397 /* BillDayAnimator.swift in Sources */ = {isa = PBXBuildFile; fileRef = D7963EE821AC403100B44397 /* BillDayAnimator.swift */; };
		D7C32E942196D0C90047A858 /* MonthHeaderView.swift in Sources */ = {isa = PBXBuildFile; fileRef = D7C32E932196D0C90047A858 /* MonthHeaderView.swift */; };
		D7C32E962196E28E0047A858 /* DirectionGestureRecognizer.swift in Sources */ = {isa = PBXBuildFile; fileRef = D7C32E952196E28E0047A858 /* DirectionGestureRecognizer.swift */; };
		D7C32E982196FC490047A858 /* EdgeInsetsLabel.swift in Sources */ = {isa = PBXBuildFile; fileRef = D7C32E972196FC490047A858 /* EdgeInsetsLabel.swift */; };
		D7C32E9A219701EA0047A858 /* AlignmentLeftLayout.swift in Sources */ = {isa = PBXBuildFile; fileRef = D7C32E99219701EA0047A858 /* AlignmentLeftLayout.swift */; };
		F72BBA94219166560067EB09 /* AppDelegate.swift in Sources */ = {isa = PBXBuildFile; fileRef = F72BBA93219166560067EB09 /* AppDelegate.swift */; };
		F72BBA99219166560067EB09 /* Main.storyboard in Resources */ = {isa = PBXBuildFile; fileRef = F72BBA97219166560067EB09 /* Main.storyboard */; };
		F72BBA9B219166580067EB09 /* Assets.xcassets in Resources */ = {isa = PBXBuildFile; fileRef = F72BBA9A219166580067EB09 /* Assets.xcassets */; };
		F72BBA9E219166580067EB09 /* LaunchScreen.storyboard in Resources */ = {isa = PBXBuildFile; fileRef = F72BBA9C219166580067EB09 /* LaunchScreen.storyboard */; };
		F72BBAA9219166590067EB09 /* Bill_XTests.swift in Sources */ = {isa = PBXBuildFile; fileRef = F72BBAA8219166590067EB09 /* Bill_XTests.swift */; };
		F72BBAB4219166590067EB09 /* Bill_XUITests.swift in Sources */ = {isa = PBXBuildFile; fileRef = F72BBAB3219166590067EB09 /* Bill_XUITests.swift */; };
		F72BBAC3219166A10067EB09 /* MonthViewController.swift in Sources */ = {isa = PBXBuildFile; fileRef = F72BBAC2219166A10067EB09 /* MonthViewController.swift */; };
		F72BBAC5219166E60067EB09 /* MonthContentView.swift in Sources */ = {isa = PBXBuildFile; fileRef = F72BBAC4219166E60067EB09 /* MonthContentView.swift */; };
		F72BBAC8219167100067EB09 /* HomeViewController.swift in Sources */ = {isa = PBXBuildFile; fileRef = F72BBAC7219167100067EB09 /* HomeViewController.swift */; };
		F72FD5872195864C001B5F5F /* CloudKit.framework in Frameworks */ = {isa = PBXBuildFile; fileRef = F72FD5862195864C001B5F5F /* CloudKit.framework */; };
		F72FD58921958747001B5F5F /* DayViewController.swift in Sources */ = {isa = PBXBuildFile; fileRef = F72FD58821958747001B5F5F /* DayViewController.swift */; };
		F72FD58C219587A7001B5F5F /* CostItemCCell.swift in Sources */ = {isa = PBXBuildFile; fileRef = F72FD58B219587A7001B5F5F /* CostItemCCell.swift */; };
		F72FD58E219587CB001B5F5F /* EditBillViewController.swift in Sources */ = {isa = PBXBuildFile; fileRef = F72FD58D219587CB001B5F5F /* EditBillViewController.swift */; };
		F72FD591219587F9001B5F5F /* EditBillTextField.swift in Sources */ = {isa = PBXBuildFile; fileRef = F72FD590219587F9001B5F5F /* EditBillTextField.swift */; };
		F72FD59321958904001B5F5F /* MonthCCell.swift in Sources */ = {isa = PBXBuildFile; fileRef = F72FD59221958904001B5F5F /* MonthCCell.swift */; };
		F72FD595219589A4001B5F5F /* RoundShadowEncodable.swift in Sources */ = {isa = PBXBuildFile; fileRef = F72FD594219589A4001B5F5F /* RoundShadowEncodable.swift */; };
		F72FD5972195972D001B5F5F /* EditBillInputAccessoryView.swift in Sources */ = {isa = PBXBuildFile; fileRef = F72FD5962195972D001B5F5F /* EditBillInputAccessoryView.swift */; };
		F788D2952191B065003694DF /* DayCCell.swift in Sources */ = {isa = PBXBuildFile; fileRef = F788D2942191B065003694DF /* DayCCell.swift */; };
		F788D2972191B118003694DF /* WeekHeaderView.swift in Sources */ = {isa = PBXBuildFile; fileRef = F788D2962191B118003694DF /* WeekHeaderView.swift */; };
		F7F347B321AF8BA900E69FE6 /* MonthPageFlowlayout.swift in Sources */ = {isa = PBXBuildFile; fileRef = F7F347B221AF8BA900E69FE6 /* MonthPageFlowlayout.swift */; };
		FCB760C4BF8E151121B4B787 /* Pods_Bill_XTests.framework in Frameworks */ = {isa = PBXBuildFile; fileRef = 7AA354E348160147EED103E4 /* Pods_Bill_XTests.framework */; };
/* End PBXBuildFile section */

/* Begin PBXContainerItemProxy section */
		F72BBAA5219166590067EB09 /* PBXContainerItemProxy */ = {
			isa = PBXContainerItemProxy;
			containerPortal = F72BBA88219166560067EB09 /* Project object */;
			proxyType = 1;
			remoteGlobalIDString = F72BBA8F219166560067EB09;
			remoteInfo = Bill.X;
		};
		F72BBAB0219166590067EB09 /* PBXContainerItemProxy */ = {
			isa = PBXContainerItemProxy;
			containerPortal = F72BBA88219166560067EB09 /* Project object */;
			proxyType = 1;
			remoteGlobalIDString = F72BBA8F219166560067EB09;
			remoteInfo = Bill.X;
		};
/* End PBXContainerItemProxy section */

/* Begin PBXFileReference section */
		10BAFC5A798CBD9375DA6D9B /* Pods_Bill_X.framework */ = {isa = PBXFileReference; explicitFileType = wrapper.framework; includeInIndex = 0; path = Pods_Bill_X.framework; sourceTree = BUILT_PRODUCTS_DIR; };
		29FC199B7BFFFA751B6AA267 /* Pods-Bill.XUITests.release.xcconfig */ = {isa = PBXFileReference; includeInIndex = 1; lastKnownFileType = text.xcconfig; name = "Pods-Bill.XUITests.release.xcconfig"; path = "Pods/Target Support Files/Pods-Bill.XUITests/Pods-Bill.XUITests.release.xcconfig"; sourceTree = "<group>"; };
		44CB85E1FFD56C4336DFA298 /* Pods-Bill.XTests.release.xcconfig */ = {isa = PBXFileReference; includeInIndex = 1; lastKnownFileType = text.xcconfig; name = "Pods-Bill.XTests.release.xcconfig"; path = "Pods/Target Support Files/Pods-Bill.XTests/Pods-Bill.XTests.release.xcconfig"; sourceTree = "<group>"; };
		4522AFFE957BD37DC03BC41F /* Pods-Bill.XTests.debug.xcconfig */ = {isa = PBXFileReference; includeInIndex = 1; lastKnownFileType = text.xcconfig; name = "Pods-Bill.XTests.debug.xcconfig"; path = "Pods/Target Support Files/Pods-Bill.XTests/Pods-Bill.XTests.debug.xcconfig"; sourceTree = "<group>"; };
		7AA354E348160147EED103E4 /* Pods_Bill_XTests.framework */ = {isa = PBXFileReference; explicitFileType = wrapper.framework; includeInIndex = 0; path = Pods_Bill_XTests.framework; sourceTree = BUILT_PRODUCTS_DIR; };
		7C660DD0FD3A6BE55AC0F867 /* Pods_Bill_XUITests.framework */ = {isa = PBXFileReference; explicitFileType = wrapper.framework; includeInIndex = 0; path = Pods_Bill_XUITests.framework; sourceTree = BUILT_PRODUCTS_DIR; };
		BC5DB4EB732E7FC211822953 /* Pods-Bill.X.debug.xcconfig */ = {isa = PBXFileReference; includeInIndex = 1; lastKnownFileType = text.xcconfig; name = "Pods-Bill.X.debug.xcconfig"; path = "Pods/Target Support Files/Pods-Bill.X/Pods-Bill.X.debug.xcconfig"; sourceTree = "<group>"; };
		D7963ED02198416900B44397 /* EventKit.framework */ = {isa = PBXFileReference; lastKnownFileType = wrapper.framework; name = EventKit.framework; path = System/Library/Frameworks/EventKit.framework; sourceTree = SDKROOT; };
		D7963ED22198418200B44397 /* BillEventWrap.swift */ = {isa = PBXFileReference; lastKnownFileType = sourcecode.swift; path = BillEventWrap.swift; sourceTree = "<group>"; };
		D7963ED4219846CD00B44397 /* BillEventKitSupport.swift */ = {isa = PBXFileReference; lastKnownFileType = sourcecode.swift; path = BillEventKitSupport.swift; sourceTree = "<group>"; };
		D7963ED721987E6400B44397 /* BillCalendarSupport.swift */ = {isa = PBXFileReference; lastKnownFileType = sourcecode.swift; path = BillCalendarSupport.swift; sourceTree = "<group>"; };
		D7963EDB219C660900B44397 /* DayWasteContainerView.swift */ = {isa = PBXFileReference; lastKnownFileType = sourcecode.swift; path = DayWasteContainerView.swift; sourceTree = "<group>"; };
		D7963EDD21A1493900B44397 /* BillViewController.swift */ = {isa = PBXFileReference; lastKnownFileType = sourcecode.swift; path = BillViewController.swift; sourceTree = "<group>"; };
		D7963EDF21A1B0D800B44397 /* BillEditAnimator.swift */ = {isa = PBXFileReference; lastKnownFileType = sourcecode.swift; path = BillEditAnimator.swift; sourceTree = "<group>"; };
		D7963EE121A1BC9E00B44397 /* BillMonthAnimator.swift */ = {isa = PBXFileReference; lastKnownFileType = sourcecode.swift; path = BillMonthAnimator.swift; sourceTree = "<group>"; };
		D7963EE421A462EF00B44397 /* MonthMaskView.swift */ = {isa = PBXFileReference; lastKnownFileType = sourcecode.swift; path = MonthMaskView.swift; sourceTree = "<group>"; };
		D7963EE621A6F4A500B44397 /* StickIndicatorView.swift */ = {isa = PBXFileReference; lastKnownFileType = sourcecode.swift; path = StickIndicatorView.swift; sourceTree = "<group>"; };
		D7963EE821AC403100B44397 /* BillDayAnimator.swift */ = {isa = PBXFileReference; lastKnownFileType = sourcecode.swift; path = BillDayAnimator.swift; sourceTree = "<group>"; };
		D7C32E932196D0C90047A858 /* MonthHeaderView.swift */ = {isa = PBXFileReference; lastKnownFileType = sourcecode.swift; path = MonthHeaderView.swift; sourceTree = "<group>"; };
		D7C32E952196E28E0047A858 /* DirectionGestureRecognizer.swift */ = {isa = PBXFileReference; lastKnownFileType = sourcecode.swift; path = DirectionGestureRecognizer.swift; sourceTree = "<group>"; };
		D7C32E972196FC490047A858 /* EdgeInsetsLabel.swift */ = {isa = PBXFileReference; lastKnownFileType = sourcecode.swift; path = EdgeInsetsLabel.swift; sourceTree = "<group>"; };
		D7C32E99219701EA0047A858 /* AlignmentLeftLayout.swift */ = {isa = PBXFileReference; lastKnownFileType = sourcecode.swift; path = AlignmentLeftLayout.swift; sourceTree = "<group>"; };
		F72BBA90219166560067EB09 /* Bill.X.app */ = {isa = PBXFileReference; explicitFileType = wrapper.application; includeInIndex = 0; path = Bill.X.app; sourceTree = BUILT_PRODUCTS_DIR; };
		F72BBA93219166560067EB09 /* AppDelegate.swift */ = {isa = PBXFileReference; lastKnownFileType = sourcecode.swift; path = AppDelegate.swift; sourceTree = "<group>"; };
		F72BBA98219166560067EB09 /* Base */ = {isa = PBXFileReference; lastKnownFileType = file.storyboard; name = Base; path = Base.lproj/Main.storyboard; sourceTree = "<group>"; };
		F72BBA9A219166580067EB09 /* Assets.xcassets */ = {isa = PBXFileReference; lastKnownFileType = folder.assetcatalog; path = Assets.xcassets; sourceTree = "<group>"; };
		F72BBA9D219166580067EB09 /* Base */ = {isa = PBXFileReference; lastKnownFileType = file.storyboard; name = Base; path = Base.lproj/LaunchScreen.storyboard; sourceTree = "<group>"; };
		F72BBA9F219166580067EB09 /* Info.plist */ = {isa = PBXFileReference; lastKnownFileType = text.plist.xml; path = Info.plist; sourceTree = "<group>"; };
		F72BBAA4219166590067EB09 /* Bill.XTests.xctest */ = {isa = PBXFileReference; explicitFileType = wrapper.cfbundle; includeInIndex = 0; path = Bill.XTests.xctest; sourceTree = BUILT_PRODUCTS_DIR; };
		F72BBAA8219166590067EB09 /* Bill_XTests.swift */ = {isa = PBXFileReference; lastKnownFileType = sourcecode.swift; path = Bill_XTests.swift; sourceTree = "<group>"; };
		F72BBAAA219166590067EB09 /* Info.plist */ = {isa = PBXFileReference; lastKnownFileType = text.plist.xml; path = Info.plist; sourceTree = "<group>"; };
		F72BBAAF219166590067EB09 /* Bill.XUITests.xctest */ = {isa = PBXFileReference; explicitFileType = wrapper.cfbundle; includeInIndex = 0; path = Bill.XUITests.xctest; sourceTree = BUILT_PRODUCTS_DIR; };
		F72BBAB3219166590067EB09 /* Bill_XUITests.swift */ = {isa = PBXFileReference; lastKnownFileType = sourcecode.swift; path = Bill_XUITests.swift; sourceTree = "<group>"; };
		F72BBAB5219166590067EB09 /* Info.plist */ = {isa = PBXFileReference; lastKnownFileType = text.plist.xml; path = Info.plist; sourceTree = "<group>"; };
		F72BBAC2219166A10067EB09 /* MonthViewController.swift */ = {isa = PBXFileReference; lastKnownFileType = sourcecode.swift; path = MonthViewController.swift; sourceTree = "<group>"; };
		F72BBAC4219166E60067EB09 /* MonthContentView.swift */ = {isa = PBXFileReference; lastKnownFileType = sourcecode.swift; path = MonthContentView.swift; sourceTree = "<group>"; };
		F72BBAC7219167100067EB09 /* HomeViewController.swift */ = {isa = PBXFileReference; lastKnownFileType = sourcecode.swift; path = HomeViewController.swift; sourceTree = "<group>"; };
		F72FD58221958606001B5F5F /* Bill.X.entitlements */ = {isa = PBXFileReference; lastKnownFileType = text.plist.entitlements; path = Bill.X.entitlements; sourceTree = "<group>"; };
		F72FD5862195864C001B5F5F /* CloudKit.framework */ = {isa = PBXFileReference; lastKnownFileType = wrapper.framework; name = CloudKit.framework; path = System/Library/Frameworks/CloudKit.framework; sourceTree = SDKROOT; };
		F72FD58821958747001B5F5F /* DayViewController.swift */ = {isa = PBXFileReference; lastKnownFileType = sourcecode.swift; path = DayViewController.swift; sourceTree = "<group>"; };
		F72FD58B219587A7001B5F5F /* CostItemCCell.swift */ = {isa = PBXFileReference; lastKnownFileType = sourcecode.swift; path = CostItemCCell.swift; sourceTree = "<group>"; };
		F72FD58D219587CB001B5F5F /* EditBillViewController.swift */ = {isa = PBXFileReference; lastKnownFileType = sourcecode.swift; path = EditBillViewController.swift; sourceTree = "<group>"; };
		F72FD590219587F9001B5F5F /* EditBillTextField.swift */ = {isa = PBXFileReference; lastKnownFileType = sourcecode.swift; path = EditBillTextField.swift; sourceTree = "<group>"; };
		F72FD59221958904001B5F5F /* MonthCCell.swift */ = {isa = PBXFileReference; lastKnownFileType = sourcecode.swift; path = MonthCCell.swift; sourceTree = "<group>"; };
		F72FD594219589A4001B5F5F /* RoundShadowEncodable.swift */ = {isa = PBXFileReference; lastKnownFileType = sourcecode.swift; path = RoundShadowEncodable.swift; sourceTree = "<group>"; };
		F72FD5962195972D001B5F5F /* EditBillInputAccessoryView.swift */ = {isa = PBXFileReference; lastKnownFileType = sourcecode.swift; path = EditBillInputAccessoryView.swift; sourceTree = "<group>"; };
		F788D2942191B065003694DF /* DayCCell.swift */ = {isa = PBXFileReference; lastKnownFileType = sourcecode.swift; path = DayCCell.swift; sourceTree = "<group>"; };
		F788D2962191B118003694DF /* WeekHeaderView.swift */ = {isa = PBXFileReference; lastKnownFileType = sourcecode.swift; path = WeekHeaderView.swift; sourceTree = "<group>"; };
		F7F347B221AF8BA900E69FE6 /* MonthPageFlowlayout.swift */ = {isa = PBXFileReference; lastKnownFileType = sourcecode.swift; path = MonthPageFlowlayout.swift; sourceTree = "<group>"; };
		F83B5C0C29DBFC63E386E0EA /* Pods-Bill.XUITests.debug.xcconfig */ = {isa = PBXFileReference; includeInIndex = 1; lastKnownFileType = text.xcconfig; name = "Pods-Bill.XUITests.debug.xcconfig"; path = "Pods/Target Support Files/Pods-Bill.XUITests/Pods-Bill.XUITests.debug.xcconfig"; sourceTree = "<group>"; };
		FDB7DFFB1D66687B697162CA /* Pods-Bill.X.release.xcconfig */ = {isa = PBXFileReference; includeInIndex = 1; lastKnownFileType = text.xcconfig; name = "Pods-Bill.X.release.xcconfig"; path = "Pods/Target Support Files/Pods-Bill.X/Pods-Bill.X.release.xcconfig"; sourceTree = "<group>"; };
/* End PBXFileReference section */

/* Begin PBXFrameworksBuildPhase section */
		F72BBA8D219166560067EB09 /* Frameworks */ = {
			isa = PBXFrameworksBuildPhase;
			buildActionMask = 2147483647;
			files = (
				D7963ED12198416900B44397 /* EventKit.framework in Frameworks */,
				F72FD5872195864C001B5F5F /* CloudKit.framework in Frameworks */,
				506610C92B5BEE4EB9B23BBE /* Pods_Bill_X.framework in Frameworks */,
			);
			runOnlyForDeploymentPostprocessing = 0;
		};
		F72BBAA1219166590067EB09 /* Frameworks */ = {
			isa = PBXFrameworksBuildPhase;
			buildActionMask = 2147483647;
			files = (
				FCB760C4BF8E151121B4B787 /* Pods_Bill_XTests.framework in Frameworks */,
			);
			runOnlyForDeploymentPostprocessing = 0;
		};
		F72BBAAC219166590067EB09 /* Frameworks */ = {
			isa = PBXFrameworksBuildPhase;
			buildActionMask = 2147483647;
			files = (
				452733BCDDBA60BAF7DF6A51 /* Pods_Bill_XUITests.framework in Frameworks */,
			);
			runOnlyForDeploymentPostprocessing = 0;
		};
/* End PBXFrameworksBuildPhase section */

/* Begin PBXGroup section */
		1C7DFDB89C4F85526C6827D0 /* Pods */ = {
			isa = PBXGroup;
			children = (
				BC5DB4EB732E7FC211822953 /* Pods-Bill.X.debug.xcconfig */,
				FDB7DFFB1D66687B697162CA /* Pods-Bill.X.release.xcconfig */,
				4522AFFE957BD37DC03BC41F /* Pods-Bill.XTests.debug.xcconfig */,
				44CB85E1FFD56C4336DFA298 /* Pods-Bill.XTests.release.xcconfig */,
				F83B5C0C29DBFC63E386E0EA /* Pods-Bill.XUITests.debug.xcconfig */,
				29FC199B7BFFFA751B6AA267 /* Pods-Bill.XUITests.release.xcconfig */,
			);
			name = Pods;
			sourceTree = "<group>";
		};
		D7963ED6219856B600B44397 /* EventKitSupport */ = {
			isa = PBXGroup;
			children = (
				D7963ED4219846CD00B44397 /* BillEventKitSupport.swift */,
				D7963ED22198418200B44397 /* BillEventWrap.swift */,
				D7963ED721987E6400B44397 /* BillCalendarSupport.swift */,
			);
			path = EventKitSupport;
			sourceTree = "<group>";
		};
		D7963EE321A1BCA700B44397 /* Animator */ = {
			isa = PBXGroup;
			children = (
				D7963EDF21A1B0D800B44397 /* BillEditAnimator.swift */,
				D7963EE121A1BC9E00B44397 /* BillMonthAnimator.swift */,
				D7963EE821AC403100B44397 /* BillDayAnimator.swift */,
			);
			path = Animator;
			sourceTree = "<group>";
		};
		F72BBA87219166560067EB09 = {
			isa = PBXGroup;
			children = (
				F72BBA92219166560067EB09 /* Bill.X */,
				F72BBAA7219166590067EB09 /* Bill.XTests */,
				F72BBAB2219166590067EB09 /* Bill.XUITests */,
				F72BBA91219166560067EB09 /* Products */,
				F72FD58321958609001B5F5F /* Frameworks */,
				1C7DFDB89C4F85526C6827D0 /* Pods */,
			);
			sourceTree = "<group>";
		};
		F72BBA91219166560067EB09 /* Products */ = {
			isa = PBXGroup;
			children = (
				F72BBA90219166560067EB09 /* Bill.X.app */,
				F72BBAA4219166590067EB09 /* Bill.XTests.xctest */,
				F72BBAAF219166590067EB09 /* Bill.XUITests.xctest */,
			);
			name = Products;
			sourceTree = "<group>";
		};
		F72BBA92219166560067EB09 /* Bill.X */ = {
			isa = PBXGroup;
			children = (
				F72FD58221958606001B5F5F /* Bill.X.entitlements */,
				F72BBA93219166560067EB09 /* AppDelegate.swift */,
				F72FD594219589A4001B5F5F /* RoundShadowEncodable.swift */,
				D7C32E952196E28E0047A858 /* DirectionGestureRecognizer.swift */,
				D7C32E972196FC490047A858 /* EdgeInsetsLabel.swift */,
				D7963EDD21A1493900B44397 /* BillViewController.swift */,
				D7963EE321A1BCA700B44397 /* Animator */,
				D7963ED6219856B600B44397 /* EventKitSupport */,
				F72BBAC9219167380067EB09 /* Home */,
				F72BBAC6219166EB0067EB09 /* Month */,
				F72FD58A2195874D001B5F5F /* Day */,
				F72FD58F219587CF001B5F5F /* Edit */,
				F72BBA97219166560067EB09 /* Main.storyboard */,
				F72BBA9A219166580067EB09 /* Assets.xcassets */,
				F72BBA9C219166580067EB09 /* LaunchScreen.storyboard */,
				F72BBA9F219166580067EB09 /* Info.plist */,
			);
			path = Bill.X;
			sourceTree = "<group>";
		};
		F72BBAA7219166590067EB09 /* Bill.XTests */ = {
			isa = PBXGroup;
			children = (
				F72BBAA8219166590067EB09 /* Bill_XTests.swift */,
				F72BBAAA219166590067EB09 /* Info.plist */,
			);
			path = Bill.XTests;
			sourceTree = "<group>";
		};
		F72BBAB2219166590067EB09 /* Bill.XUITests */ = {
			isa = PBXGroup;
			children = (
				F72BBAB3219166590067EB09 /* Bill_XUITests.swift */,
				F72BBAB5219166590067EB09 /* Info.plist */,
			);
			path = Bill.XUITests;
			sourceTree = "<group>";
		};
		F72BBAC6219166EB0067EB09 /* Month */ = {
			isa = PBXGroup;
			children = (
				F72BBAC2219166A10067EB09 /* MonthViewController.swift */,
				D7C32E932196D0C90047A858 /* MonthHeaderView.swift */,
				F788D2962191B118003694DF /* WeekHeaderView.swift */,
				F72BBAC4219166E60067EB09 /* MonthContentView.swift */,
				F788D2942191B065003694DF /* DayCCell.swift */,
				D7963EE421A462EF00B44397 /* MonthMaskView.swift */,
				D7963EE621A6F4A500B44397 /* StickIndicatorView.swift */,
			);
			path = Month;
			sourceTree = "<group>";
		};
		F72BBAC9219167380067EB09 /* Home */ = {
			isa = PBXGroup;
			children = (
				F72BBAC7219167100067EB09 /* HomeViewController.swift */,
				F72FD59221958904001B5F5F /* MonthCCell.swift */,
				F7F347B221AF8BA900E69FE6 /* MonthPageFlowlayout.swift */,
			);
			path = Home;
			sourceTree = "<group>";
		};
		F72FD58321958609001B5F5F /* Frameworks */ = {
			isa = PBXGroup;
			children = (
				D7963ED02198416900B44397 /* EventKit.framework */,
				F72FD5862195864C001B5F5F /* CloudKit.framework */,
				10BAFC5A798CBD9375DA6D9B /* Pods_Bill_X.framework */,
				7AA354E348160147EED103E4 /* Pods_Bill_XTests.framework */,
				7C660DD0FD3A6BE55AC0F867 /* Pods_Bill_XUITests.framework */,
			);
			name = Frameworks;
			sourceTree = "<group>";
		};
		F72FD58A2195874D001B5F5F /* Day */ = {
			isa = PBXGroup;
			children = (
				F72FD58821958747001B5F5F /* DayViewController.swift */,
				F72FD58B219587A7001B5F5F /* CostItemCCell.swift */,
				D7C32E99219701EA0047A858 /* AlignmentLeftLayout.swift */,
				D7963EDB219C660900B44397 /* DayWasteContainerView.swift */,
			);
			path = Day;
			sourceTree = "<group>";
		};
		F72FD58F219587CF001B5F5F /* Edit */ = {
			isa = PBXGroup;
			children = (
				F72FD58D219587CB001B5F5F /* EditBillViewController.swift */,
				F72FD590219587F9001B5F5F /* EditBillTextField.swift */,
				F72FD5962195972D001B5F5F /* EditBillInputAccessoryView.swift */,
			);
			path = Edit;
			sourceTree = "<group>";
		};
/* End PBXGroup section */

/* Begin PBXNativeTarget section */
		F72BBA8F219166560067EB09 /* Bill.X */ = {
			isa = PBXNativeTarget;
			buildConfigurationList = F72BBAB8219166590067EB09 /* Build configuration list for PBXNativeTarget "Bill.X" */;
			buildPhases = (
				6B07ED87E8A3F988FD51ABE4 /* [CP] Check Pods Manifest.lock */,
				F72BBA8C219166560067EB09 /* Sources */,
				F72BBA8D219166560067EB09 /* Frameworks */,
				F72BBA8E219166560067EB09 /* Resources */,
				B331DA66F458268D101D5653 /* [CP] Embed Pods Frameworks */,
			);
			buildRules = (
			);
			dependencies = (
			);
			name = Bill.X;
			productName = Bill.X;
			productReference = F72BBA90219166560067EB09 /* Bill.X.app */;
			productType = "com.apple.product-type.application";
		};
		F72BBAA3219166590067EB09 /* Bill.XTests */ = {
			isa = PBXNativeTarget;
			buildConfigurationList = F72BBABB219166590067EB09 /* Build configuration list for PBXNativeTarget "Bill.XTests" */;
			buildPhases = (
				0ACA8DEE16B4AA0BF0A2D3A9 /* [CP] Check Pods Manifest.lock */,
				F72BBAA0219166590067EB09 /* Sources */,
				F72BBAA1219166590067EB09 /* Frameworks */,
				F72BBAA2219166590067EB09 /* Resources */,
			);
			buildRules = (
			);
			dependencies = (
				F72BBAA6219166590067EB09 /* PBXTargetDependency */,
			);
			name = Bill.XTests;
			productName = Bill.XTests;
			productReference = F72BBAA4219166590067EB09 /* Bill.XTests.xctest */;
			productType = "com.apple.product-type.bundle.unit-test";
		};
		F72BBAAE219166590067EB09 /* Bill.XUITests */ = {
			isa = PBXNativeTarget;
			buildConfigurationList = F72BBABE219166590067EB09 /* Build configuration list for PBXNativeTarget "Bill.XUITests" */;
			buildPhases = (
				1E1E44DC8ABF4E8DCB403431 /* [CP] Check Pods Manifest.lock */,
				F72BBAAB219166590067EB09 /* Sources */,
				F72BBAAC219166590067EB09 /* Frameworks */,
				F72BBAAD219166590067EB09 /* Resources */,
			);
			buildRules = (
			);
			dependencies = (
				F72BBAB1219166590067EB09 /* PBXTargetDependency */,
			);
			name = Bill.XUITests;
			productName = Bill.XUITests;
			productReference = F72BBAAF219166590067EB09 /* Bill.XUITests.xctest */;
			productType = "com.apple.product-type.bundle.ui-testing";
		};
/* End PBXNativeTarget section */

/* Begin PBXProject section */
		F72BBA88219166560067EB09 /* Project object */ = {
			isa = PBXProject;
			attributes = {
				LastSwiftUpdateCheck = 1000;
				LastUpgradeCheck = 1000;
				ORGANIZATIONNAME = "meme-rocky";
				TargetAttributes = {
					F72BBA8F219166560067EB09 = {
						CreatedOnToolsVersion = 10.0;
						SystemCapabilities = {
							com.apple.Push = {
								enabled = 1;
							};
							com.apple.iCloud = {
								enabled = 1;
							};
						};
					};
					F72BBAA3219166590067EB09 = {
						CreatedOnToolsVersion = 10.0;
						TestTargetID = F72BBA8F219166560067EB09;
					};
					F72BBAAE219166590067EB09 = {
						CreatedOnToolsVersion = 10.0;
						TestTargetID = F72BBA8F219166560067EB09;
					};
				};
			};
			buildConfigurationList = F72BBA8B219166560067EB09 /* Build configuration list for PBXProject "Bill.X" */;
			compatibilityVersion = "Xcode 9.3";
			developmentRegion = en;
			hasScannedForEncodings = 0;
			knownRegions = (
				en,
				Base,
			);
			mainGroup = F72BBA87219166560067EB09;
			productRefGroup = F72BBA91219166560067EB09 /* Products */;
			projectDirPath = "";
			projectRoot = "";
			targets = (
				F72BBA8F219166560067EB09 /* Bill.X */,
				F72BBAA3219166590067EB09 /* Bill.XTests */,
				F72BBAAE219166590067EB09 /* Bill.XUITests */,
			);
		};
/* End PBXProject section */

/* Begin PBXResourcesBuildPhase section */
		F72BBA8E219166560067EB09 /* Resources */ = {
			isa = PBXResourcesBuildPhase;
			buildActionMask = 2147483647;
			files = (
				F72BBA9E219166580067EB09 /* LaunchScreen.storyboard in Resources */,
				F72BBA9B219166580067EB09 /* Assets.xcassets in Resources */,
				F72BBA99219166560067EB09 /* Main.storyboard in Resources */,
			);
			runOnlyForDeploymentPostprocessing = 0;
		};
		F72BBAA2219166590067EB09 /* Resources */ = {
			isa = PBXResourcesBuildPhase;
			buildActionMask = 2147483647;
			files = (
			);
			runOnlyForDeploymentPostprocessing = 0;
		};
		F72BBAAD219166590067EB09 /* Resources */ = {
			isa = PBXResourcesBuildPhase;
			buildActionMask = 2147483647;
			files = (
			);
			runOnlyForDeploymentPostprocessing = 0;
		};
/* End PBXResourcesBuildPhase section */

/* Begin PBXShellScriptBuildPhase section */
		0ACA8DEE16B4AA0BF0A2D3A9 /* [CP] Check Pods Manifest.lock */ = {
			isa = PBXShellScriptBuildPhase;
			buildActionMask = 2147483647;
			files = (
			);
			inputPaths = (
				"${PODS_PODFILE_DIR_PATH}/Podfile.lock",
				"${PODS_ROOT}/Manifest.lock",
			);
			name = "[CP] Check Pods Manifest.lock";
			outputPaths = (
				"$(DERIVED_FILE_DIR)/Pods-Bill.XTests-checkManifestLockResult.txt",
			);
			runOnlyForDeploymentPostprocessing = 0;
			shellPath = /bin/sh;
			shellScript = "diff \"${PODS_PODFILE_DIR_PATH}/Podfile.lock\" \"${PODS_ROOT}/Manifest.lock\" > /dev/null\nif [ $? != 0 ] ; then\n    # print error to STDERR\n    echo \"error: The sandbox is not in sync with the Podfile.lock. Run 'pod install' or update your CocoaPods installation.\" >&2\n    exit 1\nfi\n# This output is used by Xcode 'outputs' to avoid re-running this script phase.\necho \"SUCCESS\" > \"${SCRIPT_OUTPUT_FILE_0}\"\n";
			showEnvVarsInLog = 0;
		};
		1E1E44DC8ABF4E8DCB403431 /* [CP] Check Pods Manifest.lock */ = {
			isa = PBXShellScriptBuildPhase;
			buildActionMask = 2147483647;
			files = (
			);
			inputPaths = (
				"${PODS_PODFILE_DIR_PATH}/Podfile.lock",
				"${PODS_ROOT}/Manifest.lock",
			);
			name = "[CP] Check Pods Manifest.lock";
			outputPaths = (
				"$(DERIVED_FILE_DIR)/Pods-Bill.XUITests-checkManifestLockResult.txt",
			);
			runOnlyForDeploymentPostprocessing = 0;
			shellPath = /bin/sh;
			shellScript = "diff \"${PODS_PODFILE_DIR_PATH}/Podfile.lock\" \"${PODS_ROOT}/Manifest.lock\" > /dev/null\nif [ $? != 0 ] ; then\n    # print error to STDERR\n    echo \"error: The sandbox is not in sync with the Podfile.lock. Run 'pod install' or update your CocoaPods installation.\" >&2\n    exit 1\nfi\n# This output is used by Xcode 'outputs' to avoid re-running this script phase.\necho \"SUCCESS\" > \"${SCRIPT_OUTPUT_FILE_0}\"\n";
			showEnvVarsInLog = 0;
		};
		6B07ED87E8A3F988FD51ABE4 /* [CP] Check Pods Manifest.lock */ = {
			isa = PBXShellScriptBuildPhase;
			buildActionMask = 2147483647;
			files = (
			);
			inputPaths = (
				"${PODS_PODFILE_DIR_PATH}/Podfile.lock",
				"${PODS_ROOT}/Manifest.lock",
			);
			name = "[CP] Check Pods Manifest.lock";
			outputPaths = (
				"$(DERIVED_FILE_DIR)/Pods-Bill.X-checkManifestLockResult.txt",
			);
			runOnlyForDeploymentPostprocessing = 0;
			shellPath = /bin/sh;
			shellScript = "diff \"${PODS_PODFILE_DIR_PATH}/Podfile.lock\" \"${PODS_ROOT}/Manifest.lock\" > /dev/null\nif [ $? != 0 ] ; then\n    # print error to STDERR\n    echo \"error: The sandbox is not in sync with the Podfile.lock. Run 'pod install' or update your CocoaPods installation.\" >&2\n    exit 1\nfi\n# This output is used by Xcode 'outputs' to avoid re-running this script phase.\necho \"SUCCESS\" > \"${SCRIPT_OUTPUT_FILE_0}\"\n";
			showEnvVarsInLog = 0;
		};
		B331DA66F458268D101D5653 /* [CP] Embed Pods Frameworks */ = {
			isa = PBXShellScriptBuildPhase;
			buildActionMask = 2147483647;
			files = (
			);
			inputPaths = (
				"${SRCROOT}/Pods/Target Support Files/Pods-Bill.X/Pods-Bill.X-frameworks.sh",
				"${BUILT_PRODUCTS_DIR}/ScrollableGraphView/ScrollableGraphView.framework",
				"${BUILT_PRODUCTS_DIR}/SnapKit/SnapKit.framework",
			);
			name = "[CP] Embed Pods Frameworks";
			outputPaths = (
				"${TARGET_BUILD_DIR}/${FRAMEWORKS_FOLDER_PATH}/ScrollableGraphView.framework",
				"${TARGET_BUILD_DIR}/${FRAMEWORKS_FOLDER_PATH}/SnapKit.framework",
			);
			runOnlyForDeploymentPostprocessing = 0;
			shellPath = /bin/sh;
			shellScript = "\"${SRCROOT}/Pods/Target Support Files/Pods-Bill.X/Pods-Bill.X-frameworks.sh\"\n";
			showEnvVarsInLog = 0;
		};
/* End PBXShellScriptBuildPhase section */

/* Begin PBXSourcesBuildPhase section */
		F72BBA8C219166560067EB09 /* Sources */ = {
			isa = PBXSourcesBuildPhase;
			buildActionMask = 2147483647;
			files = (
				F72FD58E219587CB001B5F5F /* EditBillViewController.swift in Sources */,
				F72FD59321958904001B5F5F /* MonthCCell.swift in Sources */,
				F72FD58C219587A7001B5F5F /* CostItemCCell.swift in Sources */,
				D7963ED32198418200B44397 /* BillEventWrap.swift in Sources */,
				F788D2972191B118003694DF /* WeekHeaderView.swift in Sources */,
				F72BBAC8219167100067EB09 /* HomeViewController.swift in Sources */,
				F72FD591219587F9001B5F5F /* EditBillTextField.swift in Sources */,
				D7963EDE21A1493900B44397 /* BillViewController.swift in Sources */,
				D7C32E962196E28E0047A858 /* DirectionGestureRecognizer.swift in Sources */,
				F788D2952191B065003694DF /* DayCCell.swift in Sources */,
				F72FD5972195972D001B5F5F /* EditBillInputAccessoryView.swift in Sources */,
				D7C32E9A219701EA0047A858 /* AlignmentLeftLayout.swift in Sources */,
				F72BBAC5219166E60067EB09 /* MonthContentView.swift in Sources */,
				F72FD595219589A4001B5F5F /* RoundShadowEncodable.swift in Sources */,
				D7963EE221A1BC9E00B44397 /* BillMonthAnimator.swift in Sources */,
				D7C32E982196FC490047A858 /* EdgeInsetsLabel.swift in Sources */,
				D7963EE021A1B0D800B44397 /* BillEditAnimator.swift in Sources */,
				D7963ED5219846CD00B44397 /* BillEventKitSupport.swift in Sources */,
				F72BBA94219166560067EB09 /* AppDelegate.swift in Sources */,
				D7963EDC219C660900B44397 /* DayWasteContainerView.swift in Sources */,
				F72FD58921958747001B5F5F /* DayViewController.swift in Sources */,
				F72BBAC3219166A10067EB09 /* MonthViewController.swift in Sources */,
				D7963EE921AC403100B44397 /* BillDayAnimator.swift in Sources */,
				D7963ED821987E6400B44397 /* BillCalendarSupport.swift in Sources */,
				D7963EE521A462EF00B44397 /* MonthMaskView.swift in Sources */,
				D7C32E942196D0C90047A858 /* MonthHeaderView.swift in Sources */,
<<<<<<< HEAD
				D7963EE721A6F4A500B44397 /* StickIndicatorView.swift in Sources */,
=======
				F7F347B321AF8BA900E69FE6 /* MonthPageFlowlayout.swift in Sources */,
>>>>>>> 35cce1969780f20d2ca33851bf093f29f9340146
			);
			runOnlyForDeploymentPostprocessing = 0;
		};
		F72BBAA0219166590067EB09 /* Sources */ = {
			isa = PBXSourcesBuildPhase;
			buildActionMask = 2147483647;
			files = (
				F72BBAA9219166590067EB09 /* Bill_XTests.swift in Sources */,
			);
			runOnlyForDeploymentPostprocessing = 0;
		};
		F72BBAAB219166590067EB09 /* Sources */ = {
			isa = PBXSourcesBuildPhase;
			buildActionMask = 2147483647;
			files = (
				F72BBAB4219166590067EB09 /* Bill_XUITests.swift in Sources */,
			);
			runOnlyForDeploymentPostprocessing = 0;
		};
/* End PBXSourcesBuildPhase section */

/* Begin PBXTargetDependency section */
		F72BBAA6219166590067EB09 /* PBXTargetDependency */ = {
			isa = PBXTargetDependency;
			target = F72BBA8F219166560067EB09 /* Bill.X */;
			targetProxy = F72BBAA5219166590067EB09 /* PBXContainerItemProxy */;
		};
		F72BBAB1219166590067EB09 /* PBXTargetDependency */ = {
			isa = PBXTargetDependency;
			target = F72BBA8F219166560067EB09 /* Bill.X */;
			targetProxy = F72BBAB0219166590067EB09 /* PBXContainerItemProxy */;
		};
/* End PBXTargetDependency section */

/* Begin PBXVariantGroup section */
		F72BBA97219166560067EB09 /* Main.storyboard */ = {
			isa = PBXVariantGroup;
			children = (
				F72BBA98219166560067EB09 /* Base */,
			);
			name = Main.storyboard;
			sourceTree = "<group>";
		};
		F72BBA9C219166580067EB09 /* LaunchScreen.storyboard */ = {
			isa = PBXVariantGroup;
			children = (
				F72BBA9D219166580067EB09 /* Base */,
			);
			name = LaunchScreen.storyboard;
			sourceTree = "<group>";
		};
/* End PBXVariantGroup section */

/* Begin XCBuildConfiguration section */
		F72BBAB6219166590067EB09 /* Debug */ = {
			isa = XCBuildConfiguration;
			buildSettings = {
				ALWAYS_SEARCH_USER_PATHS = NO;
				CLANG_ANALYZER_NONNULL = YES;
				CLANG_ANALYZER_NUMBER_OBJECT_CONVERSION = YES_AGGRESSIVE;
				CLANG_CXX_LANGUAGE_STANDARD = "gnu++14";
				CLANG_CXX_LIBRARY = "libc++";
				CLANG_ENABLE_MODULES = YES;
				CLANG_ENABLE_OBJC_ARC = YES;
				CLANG_ENABLE_OBJC_WEAK = YES;
				CLANG_WARN_BLOCK_CAPTURE_AUTORELEASING = YES;
				CLANG_WARN_BOOL_CONVERSION = YES;
				CLANG_WARN_COMMA = YES;
				CLANG_WARN_CONSTANT_CONVERSION = YES;
				CLANG_WARN_DEPRECATED_OBJC_IMPLEMENTATIONS = YES;
				CLANG_WARN_DIRECT_OBJC_ISA_USAGE = YES_ERROR;
				CLANG_WARN_DOCUMENTATION_COMMENTS = YES;
				CLANG_WARN_EMPTY_BODY = YES;
				CLANG_WARN_ENUM_CONVERSION = YES;
				CLANG_WARN_INFINITE_RECURSION = YES;
				CLANG_WARN_INT_CONVERSION = YES;
				CLANG_WARN_NON_LITERAL_NULL_CONVERSION = YES;
				CLANG_WARN_OBJC_IMPLICIT_RETAIN_SELF = YES;
				CLANG_WARN_OBJC_LITERAL_CONVERSION = YES;
				CLANG_WARN_OBJC_ROOT_CLASS = YES_ERROR;
				CLANG_WARN_RANGE_LOOP_ANALYSIS = YES;
				CLANG_WARN_STRICT_PROTOTYPES = YES;
				CLANG_WARN_SUSPICIOUS_MOVE = YES;
				CLANG_WARN_UNGUARDED_AVAILABILITY = YES_AGGRESSIVE;
				CLANG_WARN_UNREACHABLE_CODE = YES;
				CLANG_WARN__DUPLICATE_METHOD_MATCH = YES;
				CODE_SIGN_IDENTITY = "iPhone Developer";
				COPY_PHASE_STRIP = NO;
				DEBUG_INFORMATION_FORMAT = dwarf;
				ENABLE_STRICT_OBJC_MSGSEND = YES;
				ENABLE_TESTABILITY = YES;
				GCC_C_LANGUAGE_STANDARD = gnu11;
				GCC_DYNAMIC_NO_PIC = NO;
				GCC_NO_COMMON_BLOCKS = YES;
				GCC_OPTIMIZATION_LEVEL = 0;
				GCC_PREPROCESSOR_DEFINITIONS = (
					"DEBUG=1",
					"$(inherited)",
				);
				GCC_WARN_64_TO_32_BIT_CONVERSION = YES;
				GCC_WARN_ABOUT_RETURN_TYPE = YES_ERROR;
				GCC_WARN_UNDECLARED_SELECTOR = YES;
				GCC_WARN_UNINITIALIZED_AUTOS = YES_AGGRESSIVE;
				GCC_WARN_UNUSED_FUNCTION = YES;
				GCC_WARN_UNUSED_VARIABLE = YES;
				IPHONEOS_DEPLOYMENT_TARGET = 12.0;
				MTL_ENABLE_DEBUG_INFO = INCLUDE_SOURCE;
				MTL_FAST_MATH = YES;
				ONLY_ACTIVE_ARCH = YES;
				SDKROOT = iphoneos;
				SWIFT_ACTIVE_COMPILATION_CONDITIONS = DEBUG;
				SWIFT_OPTIMIZATION_LEVEL = "-Onone";
			};
			name = Debug;
		};
		F72BBAB7219166590067EB09 /* Release */ = {
			isa = XCBuildConfiguration;
			buildSettings = {
				ALWAYS_SEARCH_USER_PATHS = NO;
				CLANG_ANALYZER_NONNULL = YES;
				CLANG_ANALYZER_NUMBER_OBJECT_CONVERSION = YES_AGGRESSIVE;
				CLANG_CXX_LANGUAGE_STANDARD = "gnu++14";
				CLANG_CXX_LIBRARY = "libc++";
				CLANG_ENABLE_MODULES = YES;
				CLANG_ENABLE_OBJC_ARC = YES;
				CLANG_ENABLE_OBJC_WEAK = YES;
				CLANG_WARN_BLOCK_CAPTURE_AUTORELEASING = YES;
				CLANG_WARN_BOOL_CONVERSION = YES;
				CLANG_WARN_COMMA = YES;
				CLANG_WARN_CONSTANT_CONVERSION = YES;
				CLANG_WARN_DEPRECATED_OBJC_IMPLEMENTATIONS = YES;
				CLANG_WARN_DIRECT_OBJC_ISA_USAGE = YES_ERROR;
				CLANG_WARN_DOCUMENTATION_COMMENTS = YES;
				CLANG_WARN_EMPTY_BODY = YES;
				CLANG_WARN_ENUM_CONVERSION = YES;
				CLANG_WARN_INFINITE_RECURSION = YES;
				CLANG_WARN_INT_CONVERSION = YES;
				CLANG_WARN_NON_LITERAL_NULL_CONVERSION = YES;
				CLANG_WARN_OBJC_IMPLICIT_RETAIN_SELF = YES;
				CLANG_WARN_OBJC_LITERAL_CONVERSION = YES;
				CLANG_WARN_OBJC_ROOT_CLASS = YES_ERROR;
				CLANG_WARN_RANGE_LOOP_ANALYSIS = YES;
				CLANG_WARN_STRICT_PROTOTYPES = YES;
				CLANG_WARN_SUSPICIOUS_MOVE = YES;
				CLANG_WARN_UNGUARDED_AVAILABILITY = YES_AGGRESSIVE;
				CLANG_WARN_UNREACHABLE_CODE = YES;
				CLANG_WARN__DUPLICATE_METHOD_MATCH = YES;
				CODE_SIGN_IDENTITY = "iPhone Developer";
				COPY_PHASE_STRIP = NO;
				DEBUG_INFORMATION_FORMAT = "dwarf-with-dsym";
				ENABLE_NS_ASSERTIONS = NO;
				ENABLE_STRICT_OBJC_MSGSEND = YES;
				GCC_C_LANGUAGE_STANDARD = gnu11;
				GCC_NO_COMMON_BLOCKS = YES;
				GCC_WARN_64_TO_32_BIT_CONVERSION = YES;
				GCC_WARN_ABOUT_RETURN_TYPE = YES_ERROR;
				GCC_WARN_UNDECLARED_SELECTOR = YES;
				GCC_WARN_UNINITIALIZED_AUTOS = YES_AGGRESSIVE;
				GCC_WARN_UNUSED_FUNCTION = YES;
				GCC_WARN_UNUSED_VARIABLE = YES;
				IPHONEOS_DEPLOYMENT_TARGET = 12.0;
				MTL_ENABLE_DEBUG_INFO = NO;
				MTL_FAST_MATH = YES;
				SDKROOT = iphoneos;
				SWIFT_COMPILATION_MODE = wholemodule;
				SWIFT_OPTIMIZATION_LEVEL = "-O";
				VALIDATE_PRODUCT = YES;
			};
			name = Release;
		};
		F72BBAB9219166590067EB09 /* Debug */ = {
			isa = XCBuildConfiguration;
			baseConfigurationReference = BC5DB4EB732E7FC211822953 /* Pods-Bill.X.debug.xcconfig */;
			buildSettings = {
				ASSETCATALOG_COMPILER_APPICON_NAME = AppIcon;
				CODE_SIGN_ENTITLEMENTS = Bill.X/Bill.X.entitlements;
				CODE_SIGN_STYLE = Automatic;
				DEVELOPMENT_TEAM = UQ773UQCTC;
				INFOPLIST_FILE = Bill.X/Info.plist;
				IPHONEOS_DEPLOYMENT_TARGET = 11.0;
				LD_RUNPATH_SEARCH_PATHS = (
					"$(inherited)",
					"@executable_path/Frameworks",
				);
				PRODUCT_BUNDLE_IDENTIFIER = com.shxingai.mmlive;
				PRODUCT_NAME = "$(TARGET_NAME)";
				SWIFT_VERSION = 4.2;
				TARGETED_DEVICE_FAMILY = "1,2";
			};
			name = Debug;
		};
		F72BBABA219166590067EB09 /* Release */ = {
			isa = XCBuildConfiguration;
			baseConfigurationReference = FDB7DFFB1D66687B697162CA /* Pods-Bill.X.release.xcconfig */;
			buildSettings = {
				ASSETCATALOG_COMPILER_APPICON_NAME = AppIcon;
				CODE_SIGN_ENTITLEMENTS = Bill.X/Bill.X.entitlements;
				CODE_SIGN_STYLE = Automatic;
				DEVELOPMENT_TEAM = UQ773UQCTC;
				INFOPLIST_FILE = Bill.X/Info.plist;
				IPHONEOS_DEPLOYMENT_TARGET = 11.0;
				LD_RUNPATH_SEARCH_PATHS = (
					"$(inherited)",
					"@executable_path/Frameworks",
				);
				PRODUCT_BUNDLE_IDENTIFIER = com.shxingai.mmlive;
				PRODUCT_NAME = "$(TARGET_NAME)";
				SWIFT_VERSION = 4.2;
				TARGETED_DEVICE_FAMILY = "1,2";
			};
			name = Release;
		};
		F72BBABC219166590067EB09 /* Debug */ = {
			isa = XCBuildConfiguration;
			baseConfigurationReference = 4522AFFE957BD37DC03BC41F /* Pods-Bill.XTests.debug.xcconfig */;
			buildSettings = {
				ALWAYS_EMBED_SWIFT_STANDARD_LIBRARIES = YES;
				BUNDLE_LOADER = "$(TEST_HOST)";
				CODE_SIGN_STYLE = Automatic;
				INFOPLIST_FILE = Bill.XTests/Info.plist;
				LD_RUNPATH_SEARCH_PATHS = (
					"$(inherited)",
					"@executable_path/Frameworks",
					"@loader_path/Frameworks",
				);
				PRODUCT_BUNDLE_IDENTIFIER = "com.ropcky.Bill-XTests";
				PRODUCT_NAME = "$(TARGET_NAME)";
				SWIFT_VERSION = 4.2;
				TARGETED_DEVICE_FAMILY = "1,2";
				TEST_HOST = "$(BUILT_PRODUCTS_DIR)/Bill.X.app/Bill.X";
			};
			name = Debug;
		};
		F72BBABD219166590067EB09 /* Release */ = {
			isa = XCBuildConfiguration;
			baseConfigurationReference = 44CB85E1FFD56C4336DFA298 /* Pods-Bill.XTests.release.xcconfig */;
			buildSettings = {
				ALWAYS_EMBED_SWIFT_STANDARD_LIBRARIES = YES;
				BUNDLE_LOADER = "$(TEST_HOST)";
				CODE_SIGN_STYLE = Automatic;
				INFOPLIST_FILE = Bill.XTests/Info.plist;
				LD_RUNPATH_SEARCH_PATHS = (
					"$(inherited)",
					"@executable_path/Frameworks",
					"@loader_path/Frameworks",
				);
				PRODUCT_BUNDLE_IDENTIFIER = "com.ropcky.Bill-XTests";
				PRODUCT_NAME = "$(TARGET_NAME)";
				SWIFT_VERSION = 4.2;
				TARGETED_DEVICE_FAMILY = "1,2";
				TEST_HOST = "$(BUILT_PRODUCTS_DIR)/Bill.X.app/Bill.X";
			};
			name = Release;
		};
		F72BBABF219166590067EB09 /* Debug */ = {
			isa = XCBuildConfiguration;
			baseConfigurationReference = F83B5C0C29DBFC63E386E0EA /* Pods-Bill.XUITests.debug.xcconfig */;
			buildSettings = {
				ALWAYS_EMBED_SWIFT_STANDARD_LIBRARIES = YES;
				CODE_SIGN_STYLE = Automatic;
				INFOPLIST_FILE = Bill.XUITests/Info.plist;
				LD_RUNPATH_SEARCH_PATHS = (
					"$(inherited)",
					"@executable_path/Frameworks",
					"@loader_path/Frameworks",
				);
				PRODUCT_BUNDLE_IDENTIFIER = "com.ropcky.Bill-XUITests";
				PRODUCT_NAME = "$(TARGET_NAME)";
				SWIFT_VERSION = 4.2;
				TARGETED_DEVICE_FAMILY = "1,2";
				TEST_TARGET_NAME = Bill.X;
			};
			name = Debug;
		};
		F72BBAC0219166590067EB09 /* Release */ = {
			isa = XCBuildConfiguration;
			baseConfigurationReference = 29FC199B7BFFFA751B6AA267 /* Pods-Bill.XUITests.release.xcconfig */;
			buildSettings = {
				ALWAYS_EMBED_SWIFT_STANDARD_LIBRARIES = YES;
				CODE_SIGN_STYLE = Automatic;
				INFOPLIST_FILE = Bill.XUITests/Info.plist;
				LD_RUNPATH_SEARCH_PATHS = (
					"$(inherited)",
					"@executable_path/Frameworks",
					"@loader_path/Frameworks",
				);
				PRODUCT_BUNDLE_IDENTIFIER = "com.ropcky.Bill-XUITests";
				PRODUCT_NAME = "$(TARGET_NAME)";
				SWIFT_VERSION = 4.2;
				TARGETED_DEVICE_FAMILY = "1,2";
				TEST_TARGET_NAME = Bill.X;
			};
			name = Release;
		};
/* End XCBuildConfiguration section */

/* Begin XCConfigurationList section */
		F72BBA8B219166560067EB09 /* Build configuration list for PBXProject "Bill.X" */ = {
			isa = XCConfigurationList;
			buildConfigurations = (
				F72BBAB6219166590067EB09 /* Debug */,
				F72BBAB7219166590067EB09 /* Release */,
			);
			defaultConfigurationIsVisible = 0;
			defaultConfigurationName = Release;
		};
		F72BBAB8219166590067EB09 /* Build configuration list for PBXNativeTarget "Bill.X" */ = {
			isa = XCConfigurationList;
			buildConfigurations = (
				F72BBAB9219166590067EB09 /* Debug */,
				F72BBABA219166590067EB09 /* Release */,
			);
			defaultConfigurationIsVisible = 0;
			defaultConfigurationName = Release;
		};
		F72BBABB219166590067EB09 /* Build configuration list for PBXNativeTarget "Bill.XTests" */ = {
			isa = XCConfigurationList;
			buildConfigurations = (
				F72BBABC219166590067EB09 /* Debug */,
				F72BBABD219166590067EB09 /* Release */,
			);
			defaultConfigurationIsVisible = 0;
			defaultConfigurationName = Release;
		};
		F72BBABE219166590067EB09 /* Build configuration list for PBXNativeTarget "Bill.XUITests" */ = {
			isa = XCConfigurationList;
			buildConfigurations = (
				F72BBABF219166590067EB09 /* Debug */,
				F72BBAC0219166590067EB09 /* Release */,
			);
			defaultConfigurationIsVisible = 0;
			defaultConfigurationName = Release;
		};
/* End XCConfigurationList section */
	};
	rootObject = F72BBA88219166560067EB09 /* Project object */;
}
